
Microsoft Visual Studio Solution File, Format Version 12.00
# Visual Studio Version 16
VisualStudioVersion = 16.0.30011.22
MinimumVisualStudioVersion = 10.0.40219.1
Project("{9A19103F-16F7-4668-BE54-9A1E7A4F7556}") = "DAL", "DAL\DAL.csproj", "{44960241-A54A-42F2-96EF-E46297111A54}"
EndProject
Project("{9A19103F-16F7-4668-BE54-9A1E7A4F7556}") = "BLL", "BLL\BLL.csproj", "{FBE8ABE7-EA02-46E8-BB61-F0BBDC0CEA3F}"
EndProject
Project("{FAE04EC0-301F-11D3-BF4B-00C04F79EFBC}") = "WebAPI", "WebAPI\WebAPI.csproj", "{3C8A0C02-A38D-4AAA-A2C8-26073AEC4B51}"
EndProject
Project("{FAE04EC0-301F-11D3-BF4B-00C04F79EFBC}") = "Middleware", "Middleware\Middleware.csproj", "{176B5FBC-EF90-471A-A5F0-D430D35ED60B}"
EndProject
Global
	GlobalSection(SolutionConfigurationPlatforms) = preSolution
		Debug|Any CPU = Debug|Any CPU
		Release|Any CPU = Release|Any CPU
	EndGlobalSection
	GlobalSection(ProjectConfigurationPlatforms) = postSolution
		{44960241-A54A-42F2-96EF-E46297111A54}.Debug|Any CPU.ActiveCfg = Debug|Any CPU
		{44960241-A54A-42F2-96EF-E46297111A54}.Debug|Any CPU.Build.0 = Debug|Any CPU
		{44960241-A54A-42F2-96EF-E46297111A54}.Release|Any CPU.ActiveCfg = Release|Any CPU
		{44960241-A54A-42F2-96EF-E46297111A54}.Release|Any CPU.Build.0 = Release|Any CPU
		{FBE8ABE7-EA02-46E8-BB61-F0BBDC0CEA3F}.Debug|Any CPU.ActiveCfg = Debug|Any CPU
		{FBE8ABE7-EA02-46E8-BB61-F0BBDC0CEA3F}.Debug|Any CPU.Build.0 = Debug|Any CPU
		{FBE8ABE7-EA02-46E8-BB61-F0BBDC0CEA3F}.Release|Any CPU.ActiveCfg = Release|Any CPU
		{FBE8ABE7-EA02-46E8-BB61-F0BBDC0CEA3F}.Release|Any CPU.Build.0 = Release|Any CPU
		{3C8A0C02-A38D-4AAA-A2C8-26073AEC4B51}.Debug|Any CPU.ActiveCfg = Debug|Any CPU
		{3C8A0C02-A38D-4AAA-A2C8-26073AEC4B51}.Debug|Any CPU.Build.0 = Debug|Any CPU
		{3C8A0C02-A38D-4AAA-A2C8-26073AEC4B51}.Release|Any CPU.ActiveCfg = Release|Any CPU
		{3C8A0C02-A38D-4AAA-A2C8-26073AEC4B51}.Release|Any CPU.Build.0 = Release|Any CPU
		{176B5FBC-EF90-471A-A5F0-D430D35ED60B}.Debug|Any CPU.ActiveCfg = Debug|Any CPU
		{176B5FBC-EF90-471A-A5F0-D430D35ED60B}.Debug|Any CPU.Build.0 = Debug|Any CPU
		{176B5FBC-EF90-471A-A5F0-D430D35ED60B}.Release|Any CPU.ActiveCfg = Release|Any CPU
		{176B5FBC-EF90-471A-A5F0-D430D35ED60B}.Release|Any CPU.Build.0 = Release|Any CPU
	EndGlobalSection
	GlobalSection(SolutionProperties) = preSolution
		HideSolutionNode = FALSE
	EndGlobalSection
	GlobalSection(ExtensibilityGlobals) = postSolution
		SolutionGuid = {5C19A12E-92DE-4D3C-8FB8-9EAA85CA857C}
	EndGlobalSection
EndGlobal
